
Microsoft Visual Studio Solution File, Format Version 12.00
# Visual Studio Version 16
VisualStudioVersion = 16.0.30621.155
MinimumVisualStudioVersion = 10.0.40219.1
Project("{9A19103F-16F7-4668-BE54-9A1E7A4F7556}") = "BahokBdDelivery", "BahokBdDelivery\BahokBdDelivery.csproj", "{D1A5720E-7454-4172-89C1-F0A4BD80F3CC}"
EndProject
Global
	GlobalSection(SolutionConfigurationPlatforms) = preSolution
		Debug|Any CPU = Debug|Any CPU
		Release|Any CPU = Release|Any CPU
	EndGlobalSection
	GlobalSection(ProjectConfigurationPlatforms) = postSolution
		{D1A5720E-7454-4172-89C1-F0A4BD80F3CC}.Debug|Any CPU.ActiveCfg = Debug|Any CPU
		{D1A5720E-7454-4172-89C1-F0A4BD80F3CC}.Debug|Any CPU.Build.0 = Debug|Any CPU
		{D1A5720E-7454-4172-89C1-F0A4BD80F3CC}.Release|Any CPU.ActiveCfg = Release|Any CPU
		{D1A5720E-7454-4172-89C1-F0A4BD80F3CC}.Release|Any CPU.Build.0 = Release|Any CPU
	EndGlobalSection
	GlobalSection(SolutionProperties) = preSolution
		HideSolutionNode = FALSE
	EndGlobalSection
	GlobalSection(ExtensibilityGlobals) = postSolution
		SolutionGuid = {533D1D79-0780-4339-A912-2C6665DDFA60}
	EndGlobalSection
EndGlobal
